{
  "name": "once.ts",
  "version": "1.0.0",
  "lockfileVersion": 2,
  "requires": true,
  "packages": {
    "": {
      "name": "once.ts",
      "version": "1.0.0",
      "license": "AGPL-3.0",
      "dependencies": {
        "typescript": "^4.7.1-rc"
      },
      "devDependencies": {
        "@types/node": "^17.0.33"
      }
    },
    "node_modules/@types/node": {
      "version": "17.0.33",
      "resolved": "https://registry.npmjs.org/@types/node/-/node-17.0.33.tgz",
      "integrity": "sha512-miWq2m2FiQZmaHfdZNcbpp9PuXg34W5JZ5CrJ/BaS70VuhoJENBEQybeiYSaPBRNq6KQGnjfEnc/F3PN++D+XQ==",
      "dev": true
    },
    "node_modules/typescript": {
      "version": "4.7.1-rc",
      "resolved": "https://registry.npmjs.org/typescript/-/typescript-4.7.1-rc.tgz",
      "integrity": "sha512-EQd2NVelDe6ZVc2sO1CSpuSs+RHzY8c2n/kTNQAHw4um/eAXY+ZY4IKoUpNK0wO6C5hN+XcUXR7yqT8VbwwNIQ==",
      "bin": {
        "tsc": "bin/tsc",
        "tsserver": "bin/tsserver"
      },
      "engines": {
        "node": ">=4.2.0"
      }
    }
  },
  "dependencies": {
    "@types/node": {
      "version": "17.0.33",
      "resolved": "https://registry.npmjs.org/@types/node/-/node-17.0.33.tgz",
      "integrity": "sha512-miWq2m2FiQZmaHfdZNcbpp9PuXg34W5JZ5CrJ/BaS70VuhoJENBEQybeiYSaPBRNq6KQGnjfEnc/F3PN++D+XQ==",
      "dev": true
    },
    "typescript": {
      "version": "4.7.1-rc",
      "resolved": "https://registry.npmjs.org/typescript/-/typescript-4.7.1-rc.tgz",
      "integrity": "sha512-EQd2NVelDe6ZVc2sO1CSpuSs+RHzY8c2n/kTNQAHw4um/eAXY+ZY4IKoUpNK0wO6C5hN+XcUXR7yqT8VbwwNIQ=="
    }
  }
}
